// !$*UTF8*$!
{
	archiveVersion = 1;
	classes = {
	};
	objectVersion = 77;
	objects = {

/* Begin PBXBuildFile section */
		49AED43C2CFB9EEF006E4413 /* Constans.swift in Sources */ = {isa = PBXBuildFile; fileRef = 49AED43B2CFB9ED7006E4413 /* Constans.swift */; };
		49AED4432CFBA307006E4413 /* RecipeListView.swift in Sources */ = {isa = PBXBuildFile; fileRef = 49AED4422CFBA00D006E4413 /* RecipeListView.swift */; };
		49AED4442CFBA334006E4413 /* NetworkingManager.swift in Sources */ = {isa = PBXBuildFile; fileRef = 49AED4402CFB9FD0006E4413 /* NetworkingManager.swift */; };
		49AED4452CFBA33B006E4413 /* Recipes.swift in Sources */ = {isa = PBXBuildFile; fileRef = 49AED43E2CFB9F50006E4413 /* Recipes.swift */; };
		49AED4472CFBA65D006E4413 /* recipeDetailView.swift in Sources */ = {isa = PBXBuildFile; fileRef = 49AED4462CFBA63A006E4413 /* recipeDetailView.swift */; };
		49AED4542CFBBC5D006E4413 /* RecipeRow.swift in Sources */ = {isa = PBXBuildFile; fileRef = 49AED4532CFBBC5D006E4413 /* RecipeRow.swift */; };
		49D2B46A2CFD09CD00C26023 /* RecipeViewModel.swift in Sources */ = {isa = PBXBuildFile; fileRef = 49D2B4692CFD09C100C26023 /* RecipeViewModel.swift */; };
/* End PBXBuildFile section */

/* Begin PBXContainerItemProxy section */
		49AED41E2CFB9E22006E4413 /* PBXContainerItemProxy */ = {
			isa = PBXContainerItemProxy;
			containerPortal = 49AED4052CFB9E20006E4413 /* Project object */;
			proxyType = 1;
			remoteGlobalIDString = 49AED40C2CFB9E20006E4413;
			remoteInfo = FetchRecipesApp;
		};
		49AED4282CFB9E22006E4413 /* PBXContainerItemProxy */ = {
			isa = PBXContainerItemProxy;
			containerPortal = 49AED4052CFB9E20006E4413 /* Project object */;
			proxyType = 1;
			remoteGlobalIDString = 49AED40C2CFB9E20006E4413;
			remoteInfo = FetchRecipesApp;
		};
/* End PBXContainerItemProxy section */

/* Begin PBXFileReference section */
		49AED40D2CFB9E20006E4413 /* FetchRecipesApp.app */ = {isa = PBXFileReference; explicitFileType = wrapper.application; includeInIndex = 0; path = FetchRecipesApp.app; sourceTree = BUILT_PRODUCTS_DIR; };
		49AED41D2CFB9E22006E4413 /* FetchRecipesAppTests.xctest */ = {isa = PBXFileReference; explicitFileType = wrapper.cfbundle; includeInIndex = 0; path = FetchRecipesAppTests.xctest; sourceTree = BUILT_PRODUCTS_DIR; };
		49AED4272CFB9E22006E4413 /* FetchRecipesAppUITests.xctest */ = {isa = PBXFileReference; explicitFileType = wrapper.cfbundle; includeInIndex = 0; path = FetchRecipesAppUITests.xctest; sourceTree = BUILT_PRODUCTS_DIR; };
		49AED43B2CFB9ED7006E4413 /* Constans.swift */ = {isa = PBXFileReference; lastKnownFileType = sourcecode.swift; path = Constans.swift; sourceTree = "<group>"; };
		49AED43E2CFB9F50006E4413 /* Recipes.swift */ = {isa = PBXFileReference; lastKnownFileType = sourcecode.swift; path = Recipes.swift; sourceTree = "<group>"; };
		49AED4402CFB9FD0006E4413 /* NetworkingManager.swift */ = {isa = PBXFileReference; lastKnownFileType = sourcecode.swift; path = NetworkingManager.swift; sourceTree = "<group>"; };
		49AED4422CFBA00D006E4413 /* RecipeListView.swift */ = {isa = PBXFileReference; lastKnownFileType = sourcecode.swift; path = RecipeListView.swift; sourceTree = "<group>"; };
		49AED4462CFBA63A006E4413 /* recipeDetailView.swift */ = {isa = PBXFileReference; lastKnownFileType = sourcecode.swift; path = recipeDetailView.swift; sourceTree = "<group>"; };
		49AED4532CFBBC5D006E4413 /* RecipeRow.swift */ = {isa = PBXFileReference; lastKnownFileType = sourcecode.swift; path = RecipeRow.swift; sourceTree = "<group>"; };
		49D2B4692CFD09C100C26023 /* RecipeViewModel.swift */ = {isa = PBXFileReference; lastKnownFileType = sourcecode.swift; path = RecipeViewModel.swift; sourceTree = "<group>"; };
/* End PBXFileReference section */

/* Begin PBXFileSystemSynchronizedRootGroup section */
		49AED40F2CFB9E20006E4413 /* FetchRecipesApp */ = {
			isa = PBXFileSystemSynchronizedRootGroup;
			path = FetchRecipesApp;
			sourceTree = "<group>";
		};
		49AED4202CFB9E22006E4413 /* FetchRecipesAppTests */ = {
			isa = PBXFileSystemSynchronizedRootGroup;
			path = FetchRecipesAppTests;
			sourceTree = "<group>";
		};
/* End PBXFileSystemSynchronizedRootGroup section */

/* Begin PBXFrameworksBuildPhase section */
		49AED40A2CFB9E20006E4413 /* Frameworks */ = {
			isa = PBXFrameworksBuildPhase;
			buildActionMask = 2147483647;
			files = (
			);
			runOnlyForDeploymentPostprocessing = 0;
		};
		49AED41A2CFB9E22006E4413 /* Frameworks */ = {
			isa = PBXFrameworksBuildPhase;
			buildActionMask = 2147483647;
			files = (
			);
			runOnlyForDeploymentPostprocessing = 0;
		};
		49AED4242CFB9E22006E4413 /* Frameworks */ = {
			isa = PBXFrameworksBuildPhase;
			buildActionMask = 2147483647;
			files = (
			);
			runOnlyForDeploymentPostprocessing = 0;
		};
/* End PBXFrameworksBuildPhase section */

/* Begin PBXGroup section */
		49AED4042CFB9E20006E4413 = {
			isa = PBXGroup;
			children = (
				49AED4412CFBA002006E4413 /* Views */,
				49AED43F2CFB9FB9006E4413 /* Networking */,
				49AED43D2CFB9F43006E4413 /* Models */,
				49AED43A2CFB9EC9006E4413 /* Utils */,
				49AED4202CFB9E22006E4413 /* FetchRecipesAppTests */,
				49AED40E2CFB9E20006E4413 /* Products */,
			);
			sourceTree = "<group>";
		};
		49AED40E2CFB9E20006E4413 /* Products */ = {
			isa = PBXGroup;
			children = (
				49AED40D2CFB9E20006E4413 /* FetchRecipesApp.app */,
				49AED41D2CFB9E22006E4413 /* FetchRecipesAppTests.xctest */,
				49AED4272CFB9E22006E4413 /* FetchRecipesAppUITests.xctest */,
			);
			name = Products;
			sourceTree = "<group>";
		};
		49AED43A2CFB9EC9006E4413 /* Utils */ = {
			isa = PBXGroup;
			children = (
				49AED43B2CFB9ED7006E4413 /* Constans.swift */,
				49AED40F2CFB9E20006E4413 /* FetchRecipesApp */,
			);
			path = Utils;
			sourceTree = "<group>";
		};
		49AED43D2CFB9F43006E4413 /* Models */ = {
			isa = PBXGroup;
			children = (
				49AED43E2CFB9F50006E4413 /* Recipes.swift */,
				49D2B4692CFD09C100C26023 /* RecipeViewModel.swift */,
			);
			path = Models;
			sourceTree = "<group>";
		};
		49AED43F2CFB9FB9006E4413 /* Networking */ = {
			isa = PBXGroup;
			children = (
				49AED4402CFB9FD0006E4413 /* NetworkingManager.swift */,
			);
			path = Networking;
			sourceTree = "<group>";
		};
		49AED4412CFBA002006E4413 /* Views */ = {
			isa = PBXGroup;
			children = (
				49AED4532CFBBC5D006E4413 /* RecipeRow.swift */,
				49AED4462CFBA63A006E4413 /* recipeDetailView.swift */,
				49AED4422CFBA00D006E4413 /* RecipeListView.swift */,
			);
			path = Views;
			sourceTree = "<group>";
		};
/* End PBXGroup section */

/* Begin PBXNativeTarget section */
		49AED40C2CFB9E20006E4413 /* FetchRecipesApp */ = {
			isa = PBXNativeTarget;
			buildConfigurationList = 49AED4312CFB9E22006E4413 /* Build configuration list for PBXNativeTarget "FetchRecipesApp" */;
			buildPhases = (
				49AED4092CFB9E20006E4413 /* Sources */,
				49AED40A2CFB9E20006E4413 /* Frameworks */,
				49AED40B2CFB9E20006E4413 /* Resources */,
			);
			buildRules = (
			);
			dependencies = (
			);
			fileSystemSynchronizedGroups = (
				49AED40F2CFB9E20006E4413 /* FetchRecipesApp */,
			);
			name = FetchRecipesApp;
			packageProductDependencies = (
			);
			productName = FetchRecipesApp;
			productReference = 49AED40D2CFB9E20006E4413 /* FetchRecipesApp.app */;
			productType = "com.apple.product-type.application";
		};
		49AED41C2CFB9E22006E4413 /* FetchRecipesAppTests */ = {
			isa = PBXNativeTarget;
			buildConfigurationList = 49AED4342CFB9E22006E4413 /* Build configuration list for PBXNativeTarget "FetchRecipesAppTests" */;
			buildPhases = (
				49AED4192CFB9E22006E4413 /* Sources */,
				49AED41A2CFB9E22006E4413 /* Frameworks */,
				49AED41B2CFB9E22006E4413 /* Resources */,
			);
			buildRules = (
			);
			dependencies = (
				49AED41F2CFB9E22006E4413 /* PBXTargetDependency */,
			);
			fileSystemSynchronizedGroups = (
				49AED4202CFB9E22006E4413 /* FetchRecipesAppTests */,
			);
			name = FetchRecipesAppTests;
			packageProductDependencies = (
			);
			productName = FetchRecipesAppTests;
			productReference = 49AED41D2CFB9E22006E4413 /* FetchRecipesAppTests.xctest */;
			productType = "com.apple.product-type.bundle.unit-test";
		};
		49AED4262CFB9E22006E4413 /* FetchRecipesAppUITests */ = {
			isa = PBXNativeTarget;
			buildConfigurationList = 49AED4372CFB9E22006E4413 /* Build configuration list for PBXNativeTarget "FetchRecipesAppUITests" */;
			buildPhases = (
				49AED4232CFB9E22006E4413 /* Sources */,
				49AED4242CFB9E22006E4413 /* Frameworks */,
				49AED4252CFB9E22006E4413 /* Resources */,
			);
			buildRules = (
			);
			dependencies = (
				49AED4292CFB9E22006E4413 /* PBXTargetDependency */,
			);
			name = FetchRecipesAppUITests;
			packageProductDependencies = (
			);
			productName = FetchRecipesAppUITests;
			productReference = 49AED4272CFB9E22006E4413 /* FetchRecipesAppUITests.xctest */;
			productType = "com.apple.product-type.bundle.ui-testing";
		};
/* End PBXNativeTarget section */

/* Begin PBXProject section */
		49AED4052CFB9E20006E4413 /* Project object */ = {
			isa = PBXProject;
			attributes = {
				BuildIndependentTargetsInParallel = 1;
				LastSwiftUpdateCheck = 1610;
				LastUpgradeCheck = 1610;
				TargetAttributes = {
					49AED40C2CFB9E20006E4413 = {
						CreatedOnToolsVersion = 16.1;
					};
					49AED41C2CFB9E22006E4413 = {
						CreatedOnToolsVersion = 16.1;
						TestTargetID = 49AED40C2CFB9E20006E4413;
					};
					49AED4262CFB9E22006E4413 = {
						CreatedOnToolsVersion = 16.1;
						TestTargetID = 49AED40C2CFB9E20006E4413;
					};
				};
			};
			buildConfigurationList = 49AED4082CFB9E20006E4413 /* Build configuration list for PBXProject "FetchRecipesApp" */;
			developmentRegion = en;
			hasScannedForEncodings = 0;
			knownRegions = (
				en,
				Base,
			);
			mainGroup = 49AED4042CFB9E20006E4413;
			minimizedProjectReferenceProxies = 1;
			packageReferences = (
			);
			preferredProjectObjectVersion = 77;
			productRefGroup = 49AED40E2CFB9E20006E4413 /* Products */;
			projectDirPath = "";
			projectRoot = "";
			targets = (
				49AED40C2CFB9E20006E4413 /* FetchRecipesApp */,
				49AED41C2CFB9E22006E4413 /* FetchRecipesAppTests */,
				49AED4262CFB9E22006E4413 /* FetchRecipesAppUITests */,
			);
		};
/* End PBXProject section */

/* Begin PBXResourcesBuildPhase section */
		49AED40B2CFB9E20006E4413 /* Resources */ = {
			isa = PBXResourcesBuildPhase;
			buildActionMask = 2147483647;
			files = (
			);
			runOnlyForDeploymentPostprocessing = 0;
		};
		49AED41B2CFB9E22006E4413 /* Resources */ = {
			isa = PBXResourcesBuildPhase;
			buildActionMask = 2147483647;
			files = (
			);
			runOnlyForDeploymentPostprocessing = 0;
		};
		49AED4252CFB9E22006E4413 /* Resources */ = {
			isa = PBXResourcesBuildPhase;
			buildActionMask = 2147483647;
			files = (
			);
			runOnlyForDeploymentPostprocessing = 0;
		};
/* End PBXResourcesBuildPhase section */

/* Begin PBXSourcesBuildPhase section */
		49AED4092CFB9E20006E4413 /* Sources */ = {
			isa = PBXSourcesBuildPhase;
			buildActionMask = 2147483647;
			files = (
				49AED4452CFBA33B006E4413 /* Recipes.swift in Sources */,
				49D2B46A2CFD09CD00C26023 /* RecipeViewModel.swift in Sources */,
				49AED4542CFBBC5D006E4413 /* RecipeRow.swift in Sources */,
				49AED4432CFBA307006E4413 /* RecipeListView.swift in Sources */,
				49AED4472CFBA65D006E4413 /* recipeDetailView.swift in Sources */,
				49AED4442CFBA334006E4413 /* NetworkingManager.swift in Sources */,
				49AED43C2CFB9EEF006E4413 /* Constans.swift in Sources */,
			);
			runOnlyForDeploymentPostprocessing = 0;
		};
		49AED4192CFB9E22006E4413 /* Sources */ = {
			isa = PBXSourcesBuildPhase;
			buildActionMask = 2147483647;
			files = (
			);
			runOnlyForDeploymentPostprocessing = 0;
		};
		49AED4232CFB9E22006E4413 /* Sources */ = {
			isa = PBXSourcesBuildPhase;
			buildActionMask = 2147483647;
			files = (
			);
			runOnlyForDeploymentPostprocessing = 0;
		};
/* End PBXSourcesBuildPhase section */

/* Begin PBXTargetDependency section */
		49AED41F2CFB9E22006E4413 /* PBXTargetDependency */ = {
			isa = PBXTargetDependency;
			target = 49AED40C2CFB9E20006E4413 /* FetchRecipesApp */;
			targetProxy = 49AED41E2CFB9E22006E4413 /* PBXContainerItemProxy */;
		};
		49AED4292CFB9E22006E4413 /* PBXTargetDependency */ = {
			isa = PBXTargetDependency;
			target = 49AED40C2CFB9E20006E4413 /* FetchRecipesApp */;
			targetProxy = 49AED4282CFB9E22006E4413 /* PBXContainerItemProxy */;
		};
/* End PBXTargetDependency section */

/* Begin XCBuildConfiguration section */
		49AED42F2CFB9E22006E4413 /* Debug */ = {
			isa = XCBuildConfiguration;
			buildSettings = {
				ALWAYS_SEARCH_USER_PATHS = NO;
				ASSETCATALOG_COMPILER_GENERATE_SWIFT_ASSET_SYMBOL_EXTENSIONS = YES;
				CLANG_ANALYZER_NONNULL = YES;
				CLANG_ANALYZER_NUMBER_OBJECT_CONVERSION = YES_AGGRESSIVE;
				CLANG_CXX_LANGUAGE_STANDARD = "gnu++20";
				CLANG_ENABLE_MODULES = YES;
				CLANG_ENABLE_OBJC_ARC = YES;
				CLANG_ENABLE_OBJC_WEAK = YES;
				CLANG_WARN_BLOCK_CAPTURE_AUTORELEASING = YES;
				CLANG_WARN_BOOL_CONVERSION = YES;
				CLANG_WARN_COMMA = YES;
				CLANG_WARN_CONSTANT_CONVERSION = YES;
				CLANG_WARN_DEPRECATED_OBJC_IMPLEMENTATIONS = YES;
				CLANG_WARN_DIRECT_OBJC_ISA_USAGE = YES_ERROR;
				CLANG_WARN_DOCUMENTATION_COMMENTS = YES;
				CLANG_WARN_EMPTY_BODY = YES;
				CLANG_WARN_ENUM_CONVERSION = YES;
				CLANG_WARN_INFINITE_RECURSION = YES;
				CLANG_WARN_INT_CONVERSION = YES;
				CLANG_WARN_NON_LITERAL_NULL_CONVERSION = YES;
				CLANG_WARN_OBJC_IMPLICIT_RETAIN_SELF = YES;
				CLANG_WARN_OBJC_LITERAL_CONVERSION = YES;
				CLANG_WARN_OBJC_ROOT_CLASS = YES_ERROR;
				CLANG_WARN_QUOTED_INCLUDE_IN_FRAMEWORK_HEADER = YES;
				CLANG_WARN_RANGE_LOOP_ANALYSIS = YES;
				CLANG_WARN_STRICT_PROTOTYPES = YES;
				CLANG_WARN_SUSPICIOUS_MOVE = YES;
				CLANG_WARN_UNGUARDED_AVAILABILITY = YES_AGGRESSIVE;
				CLANG_WARN_UNREACHABLE_CODE = YES;
				CLANG_WARN__DUPLICATE_METHOD_MATCH = YES;
				COPY_PHASE_STRIP = NO;
				DEBUG_INFORMATION_FORMAT = dwarf;
				ENABLE_STRICT_OBJC_MSGSEND = YES;
				ENABLE_TESTABILITY = YES;
				ENABLE_USER_SCRIPT_SANDBOXING = YES;
				GCC_C_LANGUAGE_STANDARD = gnu17;
				GCC_DYNAMIC_NO_PIC = NO;
				GCC_NO_COMMON_BLOCKS = YES;
				GCC_OPTIMIZATION_LEVEL = 0;
				GCC_PREPROCESSOR_DEFINITIONS = (
					"DEBUG=1",
					"$(inherited)",
				);
				GCC_WARN_64_TO_32_BIT_CONVERSION = YES;
				GCC_WARN_ABOUT_RETURN_TYPE = YES_ERROR;
				GCC_WARN_UNDECLARED_SELECTOR = YES;
				GCC_WARN_UNINITIALIZED_AUTOS = YES_AGGRESSIVE;
				GCC_WARN_UNUSED_FUNCTION = YES;
				GCC_WARN_UNUSED_VARIABLE = YES;
				IPHONEOS_DEPLOYMENT_TARGET = 18.1;
				LOCALIZATION_PREFERS_STRING_CATALOGS = YES;
				MTL_ENABLE_DEBUG_INFO = INCLUDE_SOURCE;
				MTL_FAST_MATH = YES;
				ONLY_ACTIVE_ARCH = YES;
				SDKROOT = iphoneos;
				SWIFT_ACTIVE_COMPILATION_CONDITIONS = "DEBUG $(inherited)";
				SWIFT_OPTIMIZATION_LEVEL = "-Onone";
			};
			name = Debug;
		};
		49AED4302CFB9E22006E4413 /* Release */ = {
			isa = XCBuildConfiguration;
			buildSettings = {
				ALWAYS_SEARCH_USER_PATHS = NO;
				ASSETCATALOG_COMPILER_GENERATE_SWIFT_ASSET_SYMBOL_EXTENSIONS = YES;
				CLANG_ANALYZER_NONNULL = YES;
				CLANG_ANALYZER_NUMBER_OBJECT_CONVERSION = YES_AGGRESSIVE;
				CLANG_CXX_LANGUAGE_STANDARD = "gnu++20";
				CLANG_ENABLE_MODULES = YES;
				CLANG_ENABLE_OBJC_ARC = YES;
				CLANG_ENABLE_OBJC_WEAK = YES;
				CLANG_WARN_BLOCK_CAPTURE_AUTORELEASING = YES;
				CLANG_WARN_BOOL_CONVERSION = YES;
				CLANG_WARN_COMMA = YES;
				CLANG_WARN_CONSTANT_CONVERSION = YES;
				CLANG_WARN_DEPRECATED_OBJC_IMPLEMENTATIONS = YES;
				CLANG_WARN_DIRECT_OBJC_ISA_USAGE = YES_ERROR;
				CLANG_WARN_DOCUMENTATION_COMMENTS = YES;
				CLANG_WARN_EMPTY_BODY = YES;
				CLANG_WARN_ENUM_CONVERSION = YES;
				CLANG_WARN_INFINITE_RECURSION = YES;
				CLANG_WARN_INT_CONVERSION = YES;
				CLANG_WARN_NON_LITERAL_NULL_CONVERSION = YES;
				CLANG_WARN_OBJC_IMPLICIT_RETAIN_SELF = YES;
				CLANG_WARN_OBJC_LITERAL_CONVERSION = YES;
				CLANG_WARN_OBJC_ROOT_CLASS = YES_ERROR;
				CLANG_WARN_QUOTED_INCLUDE_IN_FRAMEWORK_HEADER = YES;
				CLANG_WARN_RANGE_LOOP_ANALYSIS = YES;
				CLANG_WARN_STRICT_PROTOTYPES = YES;
				CLANG_WARN_SUSPICIOUS_MOVE = YES;
				CLANG_WARN_UNGUARDED_AVAILABILITY = YES_AGGRESSIVE;
				CLANG_WARN_UNREACHABLE_CODE = YES;
				CLANG_WARN__DUPLICATE_METHOD_MATCH = YES;
				COPY_PHASE_STRIP = NO;
				DEBUG_INFORMATION_FORMAT = "dwarf-with-dsym";
				ENABLE_NS_ASSERTIONS = NO;
				ENABLE_STRICT_OBJC_MSGSEND = YES;
				ENABLE_USER_SCRIPT_SANDBOXING = YES;
				GCC_C_LANGUAGE_STANDARD = gnu17;
				GCC_NO_COMMON_BLOCKS = YES;
				GCC_WARN_64_TO_32_BIT_CONVERSION = YES;
				GCC_WARN_ABOUT_RETURN_TYPE = YES_ERROR;
				GCC_WARN_UNDECLARED_SELECTOR = YES;
				GCC_WARN_UNINITIALIZED_AUTOS = YES_AGGRESSIVE;
				GCC_WARN_UNUSED_FUNCTION = YES;
				GCC_WARN_UNUSED_VARIABLE = YES;
				IPHONEOS_DEPLOYMENT_TARGET = 18.1;
				LOCALIZATION_PREFERS_STRING_CATALOGS = YES;
				MTL_ENABLE_DEBUG_INFO = NO;
				MTL_FAST_MATH = YES;
				SDKROOT = iphoneos;
				SWIFT_COMPILATION_MODE = wholemodule;
				VALIDATE_PRODUCT = YES;
			};
			name = Release;
		};
		49AED4322CFB9E22006E4413 /* Debug */ = {
			isa = XCBuildConfiguration;
			buildSettings = {
				ASSETCATALOG_COMPILER_APPICON_NAME = AppIcon;
				ASSETCATALOG_COMPILER_GLOBAL_ACCENT_COLOR_NAME = AccentColor;
				CODE_SIGN_STYLE = Automatic;
				CURRENT_PROJECT_VERSION = 1;
				DEVELOPMENT_ASSET_PATHS = "";
				ENABLE_PREVIEWS = YES;
				GENERATE_INFOPLIST_FILE = YES;
				INFOPLIST_KEY_UIApplicationSceneManifest_Generation = YES;
				INFOPLIST_KEY_UIApplicationSupportsIndirectInputEvents = YES;
				INFOPLIST_KEY_UILaunchScreen_Generation = YES;
				INFOPLIST_KEY_UISupportedInterfaceOrientations_iPad = "UIInterfaceOrientationPortrait UIInterfaceOrientationPortraitUpsideDown UIInterfaceOrientationLandscapeLeft UIInterfaceOrientationLandscapeRight";
				INFOPLIST_KEY_UISupportedInterfaceOrientations_iPhone = "UIInterfaceOrientationPortrait UIInterfaceOrientationLandscapeLeft UIInterfaceOrientationLandscapeRight";
				LD_RUNPATH_SEARCH_PATHS = (
					"$(inherited)",
					"@executable_path/Frameworks",
				);
				MARKETING_VERSION = 1.0;
				PRODUCT_BUNDLE_IDENTIFIER = Crossfade.FetchRecipesApp;
				PRODUCT_NAME = "$(TARGET_NAME)";
				SWIFT_EMIT_LOC_STRINGS = YES;
				SWIFT_VERSION = 5.0;
				TARGETED_DEVICE_FAMILY = "1,2";
			};
			name = Debug;
		};
		49AED4332CFB9E22006E4413 /* Release */ = {
			isa = XCBuildConfiguration;
			buildSettings = {
				ASSETCATALOG_COMPILER_APPICON_NAME = AppIcon;
				ASSETCATALOG_COMPILER_GLOBAL_ACCENT_COLOR_NAME = AccentColor;
				CODE_SIGN_STYLE = Automatic;
				CURRENT_PROJECT_VERSION = 1;
				DEVELOPMENT_ASSET_PATHS = "";
				ENABLE_PREVIEWS = YES;
				GENERATE_INFOPLIST_FILE = YES;
				INFOPLIST_KEY_UIApplicationSceneManifest_Generation = YES;
				INFOPLIST_KEY_UIApplicationSupportsIndirectInputEvents = YES;
				INFOPLIST_KEY_UILaunchScreen_Generation = YES;
				INFOPLIST_KEY_UISupportedInterfaceOrientations_iPad = "UIInterfaceOrientationPortrait UIInterfaceOrientationPortraitUpsideDown UIInterfaceOrientationLandscapeLeft UIInterfaceOrientationLandscapeRight";
				INFOPLIST_KEY_UISupportedInterfaceOrientations_iPhone = "UIInterfaceOrientationPortrait UIInterfaceOrientationLandscapeLeft UIInterfaceOrientationLandscapeRight";
				LD_RUNPATH_SEARCH_PATHS = (
					"$(inherited)",
					"@executable_path/Frameworks",
				);
				MARKETING_VERSION = 1.0;
				PRODUCT_BUNDLE_IDENTIFIER = Crossfade.FetchRecipesApp;
				PRODUCT_NAME = "$(TARGET_NAME)";
				SWIFT_EMIT_LOC_STRINGS = YES;
				SWIFT_VERSION = 5.0;
				TARGETED_DEVICE_FAMILY = "1,2";
			};
			name = Release;
		};
		49AED4352CFB9E22006E4413 /* Debug */ = {
			isa = XCBuildConfiguration;
			buildSettings = {
				BUNDLE_LOADER = "$(TEST_HOST)";
				CODE_SIGN_STYLE = Automatic;
				CURRENT_PROJECT_VERSION = 1;
				GENERATE_INFOPLIST_FILE = YES;
				IPHONEOS_DEPLOYMENT_TARGET = 18.1;
				MARKETING_VERSION = 1.0;
				PRODUCT_BUNDLE_IDENTIFIER = Crossfade.FetchRecipesAppTests;
				PRODUCT_NAME = "$(TARGET_NAME)";
				SWIFT_EMIT_LOC_STRINGS = NO;
				SWIFT_VERSION = 5.0;
				TARGETED_DEVICE_FAMILY = "1,2";
				TEST_HOST = "$(BUILT_PRODUCTS_DIR)/FetchRecipesApp.app/$(BUNDLE_EXECUTABLE_FOLDER_PATH)/FetchRecipesApp";
			};
			name = Debug;
		};
		49AED4362CFB9E22006E4413 /* Release */ = {
			isa = XCBuildConfiguration;
			buildSettings = {
				BUNDLE_LOADER = "$(TEST_HOST)";
				CODE_SIGN_STYLE = Automatic;
				CURRENT_PROJECT_VERSION = 1;
				GENERATE_INFOPLIST_FILE = YES;
				IPHONEOS_DEPLOYMENT_TARGET = 18.1;
				MARKETING_VERSION = 1.0;
				PRODUCT_BUNDLE_IDENTIFIER = Crossfade.FetchRecipesAppTests;
				PRODUCT_NAME = "$(TARGET_NAME)";
				SWIFT_EMIT_LOC_STRINGS = NO;
				SWIFT_VERSION = 5.0;
				TARGETED_DEVICE_FAMILY = "1,2";
				TEST_HOST = "$(BUILT_PRODUCTS_DIR)/FetchRecipesApp.app/$(BUNDLE_EXECUTABLE_FOLDER_PATH)/FetchRecipesApp";
			};
			name = Release;
		};
		49AED4382CFB9E22006E4413 /* Debug */ = {
			isa = XCBuildConfiguration;
			buildSettings = {
				CODE_SIGN_STYLE = Automatic;
				CURRENT_PROJECT_VERSION = 1;
				GENERATE_INFOPLIST_FILE = YES;
				MARKETING_VERSION = 1.0;
				PRODUCT_BUNDLE_IDENTIFIER = Crossfade.FetchRecipesAppUITests;
				PRODUCT_NAME = "$(TARGET_NAME)";
				SWIFT_EMIT_LOC_STRINGS = NO;
				SWIFT_VERSION = 5.0;
				TARGETED_DEVICE_FAMILY = "1,2";
				TEST_TARGET_NAME = FetchRecipesApp;
			};
			name = Debug;
		};
		49AED4392CFB9E22006E4413 /* Release */ = {
			isa = XCBuildConfiguration;
			buildSettings = {
				CODE_SIGN_STYLE = Automatic;
				CURRENT_PROJECT_VERSION = 1;
				GENERATE_INFOPLIST_FILE = YES;
				MARKETING_VERSION = 1.0;
				PRODUCT_BUNDLE_IDENTIFIER = Crossfade.FetchRecipesAppUITests;
				PRODUCT_NAME = "$(TARGET_NAME)";
				SWIFT_EMIT_LOC_STRINGS = NO;
				SWIFT_VERSION = 5.0;
				TARGETED_DEVICE_FAMILY = "1,2";
				TEST_TARGET_NAME = FetchRecipesApp;
			};
			name = Release;
		};
/* End XCBuildConfiguration section */

/* Begin XCConfigurationList section */
		49AED4082CFB9E20006E4413 /* Build configuration list for PBXProject "FetchRecipesApp" */ = {
			isa = XCConfigurationList;
			buildConfigurations = (
				49AED42F2CFB9E22006E4413 /* Debug */,
				49AED4302CFB9E22006E4413 /* Release */,
			);
			defaultConfigurationIsVisible = 0;
			defaultConfigurationName = Release;
		};
		49AED4312CFB9E22006E4413 /* Build configuration list for PBXNativeTarget "FetchRecipesApp" */ = {
			isa = XCConfigurationList;
			buildConfigurations = (
				49AED4322CFB9E22006E4413 /* Debug */,
				49AED4332CFB9E22006E4413 /* Release */,
			);
			defaultConfigurationIsVisible = 0;
			defaultConfigurationName = Release;
		};
		49AED4342CFB9E22006E4413 /* Build configuration list for PBXNativeTarget "FetchRecipesAppTests" */ = {
			isa = XCConfigurationList;
			buildConfigurations = (
				49AED4352CFB9E22006E4413 /* Debug */,
				49AED4362CFB9E22006E4413 /* Release */,
			);
			defaultConfigurationIsVisible = 0;
			defaultConfigurationName = Release;
		};
		49AED4372CFB9E22006E4413 /* Build configuration list for PBXNativeTarget "FetchRecipesAppUITests" */ = {
			isa = XCConfigurationList;
			buildConfigurations = (
				49AED4382CFB9E22006E4413 /* Debug */,
				49AED4392CFB9E22006E4413 /* Release */,
			);
			defaultConfigurationIsVisible = 0;
			defaultConfigurationName = Release;
		};
/* End XCConfigurationList section */
	};
	rootObject = 49AED4052CFB9E20006E4413 /* Project object */;
}
